
Microsoft Visual Studio Solution File, Format Version 12.00
# Visual Studio Version 18
VisualStudioVersion = 18.0.11222.15 d18.0
MinimumVisualStudioVersion = 10.0.40219.1
Project("{FAE04EC0-301F-11D3-BF4B-00C04F79EFBC}") = "MyPortfolio", "MyPortfolio\MyPortfolio.csproj", "{82336A43-D3AE-44B8-8D32-86C6FCE45FDB}"
EndProject
Project("{FAE04EC0-301F-11D3-BF4B-00C04F79EFBC}") = "GeorgiaAntoniou.UI.Tests", "GeorgiaAntoniou.UI.Tests\GeorgiaAntoniou.UI.Tests.csproj", "{6046C88D-A5C3-4C8A-B055-926F6136D7BD}"
EndProject
Project("{2150E333-8FDC-42A3-9474-1A3956D46DE8}") = "Tools", "Tools", "{A539C625-667E-456E-BDB2-BCC9EFB350DC}"
	ProjectSection(SolutionItems) = preProject
		tools\publish.ps1 = tools\publish.ps1
	EndProjectSection
EndProject
Global
	GlobalSection(SolutionConfigurationPlatforms) = preSolution
		Debug|Any CPU = Debug|Any CPU
		Release|Any CPU = Release|Any CPU
	EndGlobalSection
	GlobalSection(ProjectConfigurationPlatforms) = postSolution
		{82336A43-D3AE-44B8-8D32-86C6FCE45FDB}.Debug|Any CPU.ActiveCfg = Debug|Any CPU
		{82336A43-D3AE-44B8-8D32-86C6FCE45FDB}.Debug|Any CPU.Build.0 = Debug|Any CPU
		{82336A43-D3AE-44B8-8D32-86C6FCE45FDB}.Release|Any CPU.ActiveCfg = Release|Any CPU
		{82336A43-D3AE-44B8-8D32-86C6FCE45FDB}.Release|Any CPU.Build.0 = Release|Any CPU
		{6046C88D-A5C3-4C8A-B055-926F6136D7BD}.Debug|Any CPU.ActiveCfg = Debug|Any CPU
		{6046C88D-A5C3-4C8A-B055-926F6136D7BD}.Debug|Any CPU.Build.0 = Debug|Any CPU
		{6046C88D-A5C3-4C8A-B055-926F6136D7BD}.Release|Any CPU.ActiveCfg = Release|Any CPU
		{6046C88D-A5C3-4C8A-B055-926F6136D7BD}.Release|Any CPU.Build.0 = Release|Any CPU
	EndGlobalSection
	GlobalSection(SolutionProperties) = preSolution
		HideSolutionNode = FALSE
	EndGlobalSection
	GlobalSection(ExtensibilityGlobals) = postSolution
		SolutionGuid = {09466E9F-20F9-4E75-8089-AB9015771F24}
	EndGlobalSection
EndGlobal
